
Microsoft Visual Studio Solution File, Format Version 12.00
# Visual Studio Version 17
VisualStudioVersion = 17.2.32519.379
MinimumVisualStudioVersion = 10.0.40219.1
Project("{FAE04EC0-301F-11D3-BF4B-00C04F79EFBC}") = "exercicioHeranca2", "exercicioHeranca2\exercicioHeranca2.csproj", "{430A05C9-53C4-4BC6-9B94-36E252CCB66D}"
EndProject
Global
	GlobalSection(SolutionConfigurationPlatforms) = preSolution
		Debug|Any CPU = Debug|Any CPU
		Release|Any CPU = Release|Any CPU
	EndGlobalSection
	GlobalSection(ProjectConfigurationPlatforms) = postSolution
		{430A05C9-53C4-4BC6-9B94-36E252CCB66D}.Debug|Any CPU.ActiveCfg = Debug|Any CPU
		{430A05C9-53C4-4BC6-9B94-36E252CCB66D}.Debug|Any CPU.Build.0 = Debug|Any CPU
		{430A05C9-53C4-4BC6-9B94-36E252CCB66D}.Release|Any CPU.ActiveCfg = Release|Any CPU
		{430A05C9-53C4-4BC6-9B94-36E252CCB66D}.Release|Any CPU.Build.0 = Release|Any CPU
	EndGlobalSection
	GlobalSection(SolutionProperties) = preSolution
		HideSolutionNode = FALSE
	EndGlobalSection
	GlobalSection(ExtensibilityGlobals) = postSolution
		SolutionGuid = {A8298EB6-6128-4D1B-B698-D0D15CEBA99F}
	EndGlobalSection
EndGlobal
